// !$*UTF8*$!
{
	archiveVersion = 1;
	classes = {
	};
	objectVersion = 77;
	objects = {

/* Begin PBXContainerItemProxy section */
		E62141B92CA2741000FBC182 /* PBXContainerItemProxy */ = {
			isa = PBXContainerItemProxy;
			containerPortal = E62141A02CA2740E00FBC182 /* Project object */;
			proxyType = 1;
			remoteGlobalIDString = E62141A72CA2740E00FBC182;
			remoteInfo = "Interval Assistant";
		};
		E62141C32CA2741000FBC182 /* PBXContainerItemProxy */ = {
			isa = PBXContainerItemProxy;
			containerPortal = E62141A02CA2740E00FBC182 /* Project object */;
			proxyType = 1;
			remoteGlobalIDString = E62141A72CA2740E00FBC182;
			remoteInfo = "Interval Assistant";
		};
/* End PBXContainerItemProxy section */

/* Begin PBXFileReference section */
		E62141A82CA2740E00FBC182 /* Interval Assistant.app */ = {isa = PBXFileReference; explicitFileType = wrapper.application; includeInIndex = 0; path = "Interval Assistant.app"; sourceTree = BUILT_PRODUCTS_DIR; };
		E62141B82CA2741000FBC182 /* Interval AssistantTests.xctest */ = {isa = PBXFileReference; explicitFileType = wrapper.cfbundle; includeInIndex = 0; path = "Interval AssistantTests.xctest"; sourceTree = BUILT_PRODUCTS_DIR; };
		E62141C22CA2741000FBC182 /* Interval AssistantUITests.xctest */ = {isa = PBXFileReference; explicitFileType = wrapper.cfbundle; includeInIndex = 0; path = "Interval AssistantUITests.xctest"; sourceTree = BUILT_PRODUCTS_DIR; };
		E62141F12D1211A000FBC182 /* README.md */ = {isa = PBXFileReference; lastKnownFileType = net.daringfireball.markdown; path = README.md; sourceTree = "<group>"; };
/* End PBXFileReference section */

/* Begin PBXFileSystemSynchronizedRootGroup section */
		E62141AA2CA2740E00FBC182 /* Interval Assistant */ = {
			isa = PBXFileSystemSynchronizedRootGroup;
			path = "Interval Assistant";
			sourceTree = "<group>";
		};
		E62141BB2CA2741000FBC182 /* Interval AssistantTests */ = {
			isa = PBXFileSystemSynchronizedRootGroup;
			path = "Interval AssistantTests";
			sourceTree = "<group>";
		};
		E62141C52CA2741000FBC182 /* Interval AssistantUITests */ = {
			isa = PBXFileSystemSynchronizedRootGroup;
			path = "Interval AssistantUITests";
			sourceTree = "<group>";
		};
/* End PBXFileSystemSynchronizedRootGroup section */

/* Begin PBXFrameworksBuildPhase section */
		E62141A52CA2740E00FBC182 /* Frameworks */ = {
			isa = PBXFrameworksBuildPhase;
			buildActionMask = 2147483647;
			files = (
			);
			runOnlyForDeploymentPostprocessing = 0;
		};
		E62141B52CA2741000FBC182 /* Frameworks */ = {
			isa = PBXFrameworksBuildPhase;
			buildActionMask = 2147483647;
			files = (
			);
			runOnlyForDeploymentPostprocessing = 0;
		};
		E62141BF2CA2741000FBC182 /* Frameworks */ = {
			isa = PBXFrameworksBuildPhase;
			buildActionMask = 2147483647;
			files = (
			);
			runOnlyForDeploymentPostprocessing = 0;
		};
/* End PBXFrameworksBuildPhase section */

/* Begin PBXGroup section */
		E621419F2CA2740E00FBC182 = {
			isa = PBXGroup;
			children = (
				E62141F12D1211A000FBC182 /* README.md */,
				E62141AA2CA2740E00FBC182 /* Interval Assistant */,
				E62141BB2CA2741000FBC182 /* Interval AssistantTests */,
				E62141C52CA2741000FBC182 /* Interval AssistantUITests */,
				E62141A92CA2740E00FBC182 /* Products */,
			);
			sourceTree = "<group>";
		};
		E62141A92CA2740E00FBC182 /* Products */ = {
			isa = PBXGroup;
			children = (
				E62141A82CA2740E00FBC182 /* Interval Assistant.app */,
				E62141B82CA2741000FBC182 /* Interval AssistantTests.xctest */,
				E62141C22CA2741000FBC182 /* Interval AssistantUITests.xctest */,
			);
			name = Products;
			sourceTree = "<group>";
		};
/* End PBXGroup section */

/* Begin PBXNativeTarget section */
		E62141A72CA2740E00FBC182 /* Interval Assistant */ = {
			isa = PBXNativeTarget;
			buildConfigurationList = E62141CC2CA2741000FBC182 /* Build configuration list for PBXNativeTarget "Interval Assistant" */;
			buildPhases = (
				E62141A42CA2740E00FBC182 /* Sources */,
				E62141A52CA2740E00FBC182 /* Frameworks */,
				E62141A62CA2740E00FBC182 /* Resources */,
			);
			buildRules = (
			);
			dependencies = (
			);
			fileSystemSynchronizedGroups = (
				E62141AA2CA2740E00FBC182 /* Interval Assistant */,
			);
			name = "Interval Assistant";
			packageProductDependencies = (
			);
			productName = "Interval Assistant";
			productReference = E62141A82CA2740E00FBC182 /* Interval Assistant.app */;
			productType = "com.apple.product-type.application";
		};
		E62141B72CA2741000FBC182 /* Interval AssistantTests */ = {
			isa = PBXNativeTarget;
			buildConfigurationList = E62141CF2CA2741000FBC182 /* Build configuration list for PBXNativeTarget "Interval AssistantTests" */;
			buildPhases = (
				E62141B42CA2741000FBC182 /* Sources */,
				E62141B52CA2741000FBC182 /* Frameworks */,
				E62141B62CA2741000FBC182 /* Resources */,
			);
			buildRules = (
			);
			dependencies = (
				E62141BA2CA2741000FBC182 /* PBXTargetDependency */,
			);
			fileSystemSynchronizedGroups = (
				E62141BB2CA2741000FBC182 /* Interval AssistantTests */,
			);
			name = "Interval AssistantTests";
			packageProductDependencies = (
			);
			productName = "Interval AssistantTests";
			productReference = E62141B82CA2741000FBC182 /* Interval AssistantTests.xctest */;
			productType = "com.apple.product-type.bundle.unit-test";
		};
		E62141C12CA2741000FBC182 /* Interval AssistantUITests */ = {
			isa = PBXNativeTarget;
			buildConfigurationList = E62141D22CA2741000FBC182 /* Build configuration list for PBXNativeTarget "Interval AssistantUITests" */;
			buildPhases = (
				E62141BE2CA2741000FBC182 /* Sources */,
				E62141BF2CA2741000FBC182 /* Frameworks */,
				E62141C02CA2741000FBC182 /* Resources */,
			);
			buildRules = (
			);
			dependencies = (
				E62141C42CA2741000FBC182 /* PBXTargetDependency */,
			);
			fileSystemSynchronizedGroups = (
				E62141C52CA2741000FBC182 /* Interval AssistantUITests */,
			);
			name = "Interval AssistantUITests";
			packageProductDependencies = (
			);
			productName = "Interval AssistantUITests";
			productReference = E62141C22CA2741000FBC182 /* Interval AssistantUITests.xctest */;
			productType = "com.apple.product-type.bundle.ui-testing";
		};
/* End PBXNativeTarget section */

/* Begin PBXProject section */
		E62141A02CA2740E00FBC182 /* Project object */ = {
			isa = PBXProject;
			attributes = {
				BuildIndependentTargetsInParallel = 1;
				LastSwiftUpdateCheck = 1600;
				LastUpgradeCheck = 1600;
				TargetAttributes = {
					E62141A72CA2740E00FBC182 = {
						CreatedOnToolsVersion = 16.0;
					};
					E62141B72CA2741000FBC182 = {
						CreatedOnToolsVersion = 16.0;
						TestTargetID = E62141A72CA2740E00FBC182;
					};
					E62141C12CA2741000FBC182 = {
						CreatedOnToolsVersion = 16.0;
						TestTargetID = E62141A72CA2740E00FBC182;
					};
				};
			};
			buildConfigurationList = E62141A32CA2740E00FBC182 /* Build configuration list for PBXProject "Interval Assistant" */;
			developmentRegion = en;
			hasScannedForEncodings = 0;
			knownRegions = (
				en,
				Base,
			);
			mainGroup = E621419F2CA2740E00FBC182;
			minimizedProjectReferenceProxies = 1;
			preferredProjectObjectVersion = 77;
			productRefGroup = E62141A92CA2740E00FBC182 /* Products */;
			projectDirPath = "";
			projectRoot = "";
			targets = (
				E62141A72CA2740E00FBC182 /* Interval Assistant */,
				E62141B72CA2741000FBC182 /* Interval AssistantTests */,
				E62141C12CA2741000FBC182 /* Interval AssistantUITests */,
			);
		};
/* End PBXProject section */

/* Begin PBXResourcesBuildPhase section */
		E62141A62CA2740E00FBC182 /* Resources */ = {
			isa = PBXResourcesBuildPhase;
			buildActionMask = 2147483647;
			files = (
			);
			runOnlyForDeploymentPostprocessing = 0;
		};
		E62141B62CA2741000FBC182 /* Resources */ = {
			isa = PBXResourcesBuildPhase;
			buildActionMask = 2147483647;
			files = (
			);
			runOnlyForDeploymentPostprocessing = 0;
		};
		E62141C02CA2741000FBC182 /* Resources */ = {
			isa = PBXResourcesBuildPhase;
			buildActionMask = 2147483647;
			files = (
			);
			runOnlyForDeploymentPostprocessing = 0;
		};
/* End PBXResourcesBuildPhase section */

/* Begin PBXSourcesBuildPhase section */
		E62141A42CA2740E00FBC182 /* Sources */ = {
			isa = PBXSourcesBuildPhase;
			buildActionMask = 2147483647;
			files = (
			);
			runOnlyForDeploymentPostprocessing = 0;
		};
		E62141B42CA2741000FBC182 /* Sources */ = {
			isa = PBXSourcesBuildPhase;
			buildActionMask = 2147483647;
			files = (
			);
			runOnlyForDeploymentPostprocessing = 0;
		};
		E62141BE2CA2741000FBC182 /* Sources */ = {
			isa = PBXSourcesBuildPhase;
			buildActionMask = 2147483647;
			files = (
			);
			runOnlyForDeploymentPostprocessing = 0;
		};
/* End PBXSourcesBuildPhase section */

/* Begin PBXTargetDependency section */
		E62141BA2CA2741000FBC182 /* PBXTargetDependency */ = {
			isa = PBXTargetDependency;
			target = E62141A72CA2740E00FBC182 /* Interval Assistant */;
			targetProxy = E62141B92CA2741000FBC182 /* PBXContainerItemProxy */;
		};
		E62141C42CA2741000FBC182 /* PBXTargetDependency */ = {
			isa = PBXTargetDependency;
			target = E62141A72CA2740E00FBC182 /* Interval Assistant */;
			targetProxy = E62141C32CA2741000FBC182 /* PBXContainerItemProxy */;
		};
/* End PBXTargetDependency section */

/* Begin XCBuildConfiguration section */
		E62141CA2CA2741000FBC182 /* Debug */ = {
			isa = XCBuildConfiguration;
			buildSettings = {
				ALWAYS_SEARCH_USER_PATHS = NO;
				ASSETCATALOG_COMPILER_GENERATE_SWIFT_ASSET_SYMBOL_EXTENSIONS = YES;
				CLANG_ANALYZER_NONNULL = YES;
				CLANG_ANALYZER_NUMBER_OBJECT_CONVERSION = YES_AGGRESSIVE;
				CLANG_CXX_LANGUAGE_STANDARD = "gnu++20";
				CLANG_ENABLE_MODULES = YES;
				CLANG_ENABLE_OBJC_ARC = YES;
				CLANG_ENABLE_OBJC_WEAK = YES;
				CLANG_WARN_BLOCK_CAPTURE_AUTORELEASING = YES;
				CLANG_WARN_BOOL_CONVERSION = YES;
				CLANG_WARN_COMMA = YES;
				CLANG_WARN_CONSTANT_CONVERSION = YES;
				CLANG_WARN_DEPRECATED_OBJC_IMPLEMENTATIONS = YES;
				CLANG_WARN_DIRECT_OBJC_ISA_USAGE = YES_ERROR;
				CLANG_WARN_DOCUMENTATION_COMMENTS = YES;
				CLANG_WARN_EMPTY_BODY = YES;
				CLANG_WARN_ENUM_CONVERSION = YES;
				CLANG_WARN_INFINITE_RECURSION = YES;
				CLANG_WARN_INT_CONVERSION = YES;
				CLANG_WARN_NON_LITERAL_NULL_CONVERSION = YES;
				CLANG_WARN_OBJC_IMPLICIT_RETAIN_SELF = YES;
				CLANG_WARN_OBJC_LITERAL_CONVERSION = YES;
				CLANG_WARN_OBJC_ROOT_CLASS = YES_ERROR;
				CLANG_WARN_QUOTED_INCLUDE_IN_FRAMEWORK_HEADER = YES;
				CLANG_WARN_RANGE_LOOP_ANALYSIS = YES;
				CLANG_WARN_STRICT_PROTOTYPES = YES;
				CLANG_WARN_SUSPICIOUS_MOVE = YES;
				CLANG_WARN_UNGUARDED_AVAILABILITY = YES_AGGRESSIVE;
				CLANG_WARN_UNREACHABLE_CODE = YES;
				CLANG_WARN__DUPLICATE_METHOD_MATCH = YES;
				COPY_PHASE_STRIP = NO;
				DEBUG_INFORMATION_FORMAT = dwarf;
				ENABLE_STRICT_OBJC_MSGSEND = YES;
				ENABLE_TESTABILITY = YES;
				ENABLE_USER_SCRIPT_SANDBOXING = YES;
				GCC_C_LANGUAGE_STANDARD = gnu17;
				GCC_DYNAMIC_NO_PIC = NO;
				GCC_NO_COMMON_BLOCKS = YES;
				GCC_OPTIMIZATION_LEVEL = 0;
				GCC_PREPROCESSOR_DEFINITIONS = (
					"DEBUG=1",
					"$(inherited)",
				);
				GCC_WARN_64_TO_32_BIT_CONVERSION = YES;
				GCC_WARN_ABOUT_RETURN_TYPE = YES_ERROR;
				GCC_WARN_UNDECLARED_SELECTOR = YES;
				GCC_WARN_UNINITIALIZED_AUTOS = YES_AGGRESSIVE;
				GCC_WARN_UNUSED_FUNCTION = YES;
				GCC_WARN_UNUSED_VARIABLE = YES;
				IPHONEOS_DEPLOYMENT_TARGET = 18.0;
				LOCALIZATION_PREFERS_STRING_CATALOGS = YES;
				MTL_ENABLE_DEBUG_INFO = INCLUDE_SOURCE;
				MTL_FAST_MATH = YES;
				ONLY_ACTIVE_ARCH = YES;
				SDKROOT = iphoneos;
				SWIFT_ACTIVE_COMPILATION_CONDITIONS = "DEBUG $(inherited)";
				SWIFT_OPTIMIZATION_LEVEL = "-Onone";
			};
			name = Debug;
		};
		E62141CB2CA2741000FBC182 /* Release */ = {
			isa = XCBuildConfiguration;
			buildSettings = {
				ALWAYS_SEARCH_USER_PATHS = NO;
				ASSETCATALOG_COMPILER_GENERATE_SWIFT_ASSET_SYMBOL_EXTENSIONS = YES;
				CLANG_ANALYZER_NONNULL = YES;
				CLANG_ANALYZER_NUMBER_OBJECT_CONVERSION = YES_AGGRESSIVE;
				CLANG_CXX_LANGUAGE_STANDARD = "gnu++20";
				CLANG_ENABLE_MODULES = YES;
				CLANG_ENABLE_OBJC_ARC = YES;
				CLANG_ENABLE_OBJC_WEAK = YES;
				CLANG_WARN_BLOCK_CAPTURE_AUTORELEASING = YES;
				CLANG_WARN_BOOL_CONVERSION = YES;
				CLANG_WARN_COMMA = YES;
				CLANG_WARN_CONSTANT_CONVERSION = YES;
				CLANG_WARN_DEPRECATED_OBJC_IMPLEMENTATIONS = YES;
				CLANG_WARN_DIRECT_OBJC_ISA_USAGE = YES_ERROR;
				CLANG_WARN_DOCUMENTATION_COMMENTS = YES;
				CLANG_WARN_EMPTY_BODY = YES;
				CLANG_WARN_ENUM_CONVERSION = YES;
				CLANG_WARN_INFINITE_RECURSION = YES;
				CLANG_WARN_INT_CONVERSION = YES;
				CLANG_WARN_NON_LITERAL_NULL_CONVERSION = YES;
				CLANG_WARN_OBJC_IMPLICIT_RETAIN_SELF = YES;
				CLANG_WARN_OBJC_LITERAL_CONVERSION = YES;
				CLANG_WARN_OBJC_ROOT_CLASS = YES_ERROR;
				CLANG_WARN_QUOTED_INCLUDE_IN_FRAMEWORK_HEADER = YES;
				CLANG_WARN_RANGE_LOOP_ANALYSIS = YES;
				CLANG_WARN_STRICT_PROTOTYPES = YES;
				CLANG_WARN_SUSPICIOUS_MOVE = YES;
				CLANG_WARN_UNGUARDED_AVAILABILITY = YES_AGGRESSIVE;
				CLANG_WARN_UNREACHABLE_CODE = YES;
				CLANG_WARN__DUPLICATE_METHOD_MATCH = YES;
				COPY_PHASE_STRIP = NO;
				DEBUG_INFORMATION_FORMAT = "dwarf-with-dsym";
				ENABLE_NS_ASSERTIONS = NO;
				ENABLE_STRICT_OBJC_MSGSEND = YES;
				ENABLE_USER_SCRIPT_SANDBOXING = YES;
				GCC_C_LANGUAGE_STANDARD = gnu17;
				GCC_NO_COMMON_BLOCKS = YES;
				GCC_WARN_64_TO_32_BIT_CONVERSION = YES;
				GCC_WARN_ABOUT_RETURN_TYPE = YES_ERROR;
				GCC_WARN_UNDECLARED_SELECTOR = YES;
				GCC_WARN_UNINITIALIZED_AUTOS = YES_AGGRESSIVE;
				GCC_WARN_UNUSED_FUNCTION = YES;
				GCC_WARN_UNUSED_VARIABLE = YES;
				IPHONEOS_DEPLOYMENT_TARGET = 18.0;
				LOCALIZATION_PREFERS_STRING_CATALOGS = YES;
				MTL_ENABLE_DEBUG_INFO = NO;
				MTL_FAST_MATH = YES;
				SDKROOT = iphoneos;
				SWIFT_COMPILATION_MODE = wholemodule;
				VALIDATE_PRODUCT = YES;
			};
			name = Release;
		};
		E62141CD2CA2741000FBC182 /* Debug */ = {
			isa = XCBuildConfiguration;
			buildSettings = {
				ASSETCATALOG_COMPILER_APPICON_NAME = AppIcon;
				ASSETCATALOG_COMPILER_GLOBAL_ACCENT_COLOR_NAME = AccentColor;
				CODE_SIGN_STYLE = Automatic;
				CURRENT_PROJECT_VERSION = 1;
				DEVELOPMENT_ASSET_PATHS = "\"Interval Assistant/Preview Content\"";
				DEVELOPMENT_TEAM = B76WB5438W;
				ENABLE_PREVIEWS = YES;
				GENERATE_INFOPLIST_FILE = YES;
				INFOPLIST_KEY_UIApplicationSceneManifest_Generation = YES;
				INFOPLIST_KEY_UIApplicationSupportsIndirectInputEvents = YES;
				INFOPLIST_KEY_UILaunchScreen_Generation = YES;
				INFOPLIST_KEY_UISupportedInterfaceOrientations_iPad = "UIInterfaceOrientationPortrait UIInterfaceOrientationPortraitUpsideDown UIInterfaceOrientationLandscapeLeft UIInterfaceOrientationLandscapeRight";
				INFOPLIST_KEY_UISupportedInterfaceOrientations_iPhone = "UIInterfaceOrientationPortrait UIInterfaceOrientationLandscapeLeft UIInterfaceOrientationLandscapeRight";
				LD_RUNPATH_SEARCH_PATHS = (
					"$(inherited)",
					"@executable_path/Frameworks",
				);
				MARKETING_VERSION = 1.0;
				PRODUCT_BUNDLE_IDENTIFIER = "com.lanekersten.Interval-Assistant";
				PRODUCT_NAME = "$(TARGET_NAME)";
				SWIFT_EMIT_LOC_STRINGS = YES;
				SWIFT_VERSION = 5.0;
				TARGETED_DEVICE_FAMILY = "1,2";
			};
			name = Debug;
		};
		E62141CE2CA2741000FBC182 /* Release */ = {
			isa = XCBuildConfiguration;
			buildSettings = {
				ASSETCATALOG_COMPILER_APPICON_NAME = AppIcon;
				ASSETCATALOG_COMPILER_GLOBAL_ACCENT_COLOR_NAME = AccentColor;
				CODE_SIGN_STYLE = Automatic;
				CURRENT_PROJECT_VERSION = 1;
				DEVELOPMENT_ASSET_PATHS = "\"Interval Assistant/Preview Content\"";
				DEVELOPMENT_TEAM = B76WB5438W;
				ENABLE_PREVIEWS = YES;
				GENERATE_INFOPLIST_FILE = YES;
				INFOPLIST_KEY_UIApplicationSceneManifest_Generation = YES;
				INFOPLIST_KEY_UIApplicationSupportsIndirectInputEvents = YES;
				INFOPLIST_KEY_UILaunchScreen_Generation = YES;
				INFOPLIST_KEY_UISupportedInterfaceOrientations_iPad = "UIInterfaceOrientationPortrait UIInterfaceOrientationPortraitUpsideDown UIInterfaceOrientationLandscapeLeft UIInterfaceOrientationLandscapeRight";
				INFOPLIST_KEY_UISupportedInterfaceOrientations_iPhone = "UIInterfaceOrientationPortrait UIInterfaceOrientationLandscapeLeft UIInterfaceOrientationLandscapeRight";
				LD_RUNPATH_SEARCH_PATHS = (
					"$(inherited)",
					"@executable_path/Frameworks",
				);
				MARKETING_VERSION = 1.0;
				PRODUCT_BUNDLE_IDENTIFIER = "com.lanekersten.Interval-Assistant";
				PRODUCT_NAME = "$(TARGET_NAME)";
				SWIFT_EMIT_LOC_STRINGS = YES;
				SWIFT_VERSION = 5.0;
				TARGETED_DEVICE_FAMILY = "1,2";
			};
			name = Release;
		};
		E62141D02CA2741000FBC182 /* Debug */ = {
			isa = XCBuildConfiguration;
			buildSettings = {
				BUNDLE_LOADER = "$(TEST_HOST)";
				CODE_SIGN_STYLE = Automatic;
				CURRENT_PROJECT_VERSION = 1;
				DEVELOPMENT_TEAM = B76WB5438W;
				GENERATE_INFOPLIST_FILE = YES;
				IPHONEOS_DEPLOYMENT_TARGET = 18.0;
				MARKETING_VERSION = 1.0;
				PRODUCT_BUNDLE_IDENTIFIER = "com.lanekersten.Interval-AssistantTests";
				PRODUCT_NAME = "$(TARGET_NAME)";
				SWIFT_EMIT_LOC_STRINGS = NO;
				SWIFT_VERSION = 5.0;
				TARGETED_DEVICE_FAMILY = "1,2";
				TEST_HOST = "$(BUILT_PRODUCTS_DIR)/Interval Assistant.app/$(BUNDLE_EXECUTABLE_FOLDER_PATH)/Interval Assistant";
			};
			name = Debug;
		};
		E62141D12CA2741000FBC182 /* Release */ = {
			isa = XCBuildConfiguration;
			buildSettings = {
				BUNDLE_LOADER = "$(TEST_HOST)";
				CODE_SIGN_STYLE = Automatic;
				CURRENT_PROJECT_VERSION = 1;
				DEVELOPMENT_TEAM = B76WB5438W;
				GENERATE_INFOPLIST_FILE = YES;
				IPHONEOS_DEPLOYMENT_TARGET = 18.0;
				MARKETING_VERSION = 1.0;
				PRODUCT_BUNDLE_IDENTIFIER = "com.lanekersten.Interval-AssistantTests";
				PRODUCT_NAME = "$(TARGET_NAME)";
				SWIFT_EMIT_LOC_STRINGS = NO;
				SWIFT_VERSION = 5.0;
				TARGETED_DEVICE_FAMILY = "1,2";
				TEST_HOST = "$(BUILT_PRODUCTS_DIR)/Interval Assistant.app/$(BUNDLE_EXECUTABLE_FOLDER_PATH)/Interval Assistant";
			};
			name = Release;
		};
		E62141D32CA2741000FBC182 /* Debug */ = {
			isa = XCBuildConfiguration;
			buildSettings = {
				CODE_SIGN_STYLE = Automatic;
				CURRENT_PROJECT_VERSION = 1;
				DEVELOPMENT_TEAM = B76WB5438W;
				GENERATE_INFOPLIST_FILE = YES;
				MARKETING_VERSION = 1.0;
				PRODUCT_BUNDLE_IDENTIFIER = "com.lanekersten.Interval-AssistantUITests";
				PRODUCT_NAME = "$(TARGET_NAME)";
				SWIFT_EMIT_LOC_STRINGS = NO;
				SWIFT_VERSION = 5.0;
				TARGETED_DEVICE_FAMILY = "1,2";
				TEST_TARGET_NAME = "Interval Assistant";
			};
			name = Debug;
		};
		E62141D42CA2741000FBC182 /* Release */ = {
			isa = XCBuildConfiguration;
			buildSettings = {
				CODE_SIGN_STYLE = Automatic;
				CURRENT_PROJECT_VERSION = 1;
				DEVELOPMENT_TEAM = B76WB5438W;
				GENERATE_INFOPLIST_FILE = YES;
				MARKETING_VERSION = 1.0;
				PRODUCT_BUNDLE_IDENTIFIER = "com.lanekersten.Interval-AssistantUITests";
				PRODUCT_NAME = "$(TARGET_NAME)";
				SWIFT_EMIT_LOC_STRINGS = NO;
				SWIFT_VERSION = 5.0;
				TARGETED_DEVICE_FAMILY = "1,2";
				TEST_TARGET_NAME = "Interval Assistant";
			};
			name = Release;
		};
/* End XCBuildConfiguration section */

/* Begin XCConfigurationList section */
		E62141A32CA2740E00FBC182 /* Build configuration list for PBXProject "Interval Assistant" */ = {
			isa = XCConfigurationList;
			buildConfigurations = (
				E62141CA2CA2741000FBC182 /* Debug */,
				E62141CB2CA2741000FBC182 /* Release */,
			);
			defaultConfigurationIsVisible = 0;
			defaultConfigurationName = Release;
		};
		E62141CC2CA2741000FBC182 /* Build configuration list for PBXNativeTarget "Interval Assistant" */ = {
			isa = XCConfigurationList;
			buildConfigurations = (
				E62141CD2CA2741000FBC182 /* Debug */,
				E62141CE2CA2741000FBC182 /* Release */,
			);
			defaultConfigurationIsVisible = 0;
			defaultConfigurationName = Release;
		};
		E62141CF2CA2741000FBC182 /* Build configuration list for PBXNativeTarget "Interval AssistantTests" */ = {
			isa = XCConfigurationList;
			buildConfigurations = (
				E62141D02CA2741000FBC182 /* Debug */,
				E62141D12CA2741000FBC182 /* Release */,
			);
			defaultConfigurationIsVisible = 0;
			defaultConfigurationName = Release;
		};
		E62141D22CA2741000FBC182 /* Build configuration list for PBXNativeTarget "Interval AssistantUITests" */ = {
			isa = XCConfigurationList;
			buildConfigurations = (
				E62141D32CA2741000FBC182 /* Debug */,
				E62141D42CA2741000FBC182 /* Release */,
			);
			defaultConfigurationIsVisible = 0;
			defaultConfigurationName = Release;
		};
/* End XCConfigurationList section */
	};
	rootObject = E62141A02CA2740E00FBC182 /* Project object */;
}
